
Microsoft Visual Studio Solution File, Format Version 12.00
# Visual Studio Version 17
VisualStudioVersion = 17.13.35818.85
MinimumVisualStudioVersion = 10.0.40219.1
Project("{FAE04EC0-301F-11D3-BF4B-00C04F79EFBC}") = "WEB_353502_ZGIRSKAYA.UI", "WEB_353502_ZGIRSKAYA.UI\WEB_353502_ZGIRSKAYA.UI.csproj", "{B2007E67-5D64-4AC6-A185-B1F792F69651}"
EndProject
Project("{FAE04EC0-301F-11D3-BF4B-00C04F79EFBC}") = "WEB_353502_ZGIRSKAYA.Domain", "WEB_353502_ZGIRSKAYA.Domain\WEB_353502_ZGIRSKAYA.Domain.csproj", "{3C003963-760F-4B53-8DBC-6D5605B968EE}"
EndProject
Global
	GlobalSection(SolutionConfigurationPlatforms) = preSolution
		Debug|Any CPU = Debug|Any CPU
		Release|Any CPU = Release|Any CPU
	EndGlobalSection
	GlobalSection(ProjectConfigurationPlatforms) = postSolution
		{B2007E67-5D64-4AC6-A185-B1F792F69651}.Debug|Any CPU.ActiveCfg = Debug|Any CPU
		{B2007E67-5D64-4AC6-A185-B1F792F69651}.Debug|Any CPU.Build.0 = Debug|Any CPU
		{B2007E67-5D64-4AC6-A185-B1F792F69651}.Release|Any CPU.ActiveCfg = Release|Any CPU
		{B2007E67-5D64-4AC6-A185-B1F792F69651}.Release|Any CPU.Build.0 = Release|Any CPU
		{3C003963-760F-4B53-8DBC-6D5605B968EE}.Debug|Any CPU.ActiveCfg = Debug|Any CPU
		{3C003963-760F-4B53-8DBC-6D5605B968EE}.Debug|Any CPU.Build.0 = Debug|Any CPU
		{3C003963-760F-4B53-8DBC-6D5605B968EE}.Release|Any CPU.ActiveCfg = Release|Any CPU
		{3C003963-760F-4B53-8DBC-6D5605B968EE}.Release|Any CPU.Build.0 = Release|Any CPU
	EndGlobalSection
	GlobalSection(SolutionProperties) = preSolution
		HideSolutionNode = FALSE
	EndGlobalSection
	GlobalSection(ExtensibilityGlobals) = postSolution
		SolutionGuid = {EA2B3DD9-A01F-43E7-A2A3-54D481732953}
	EndGlobalSection
EndGlobal
